# PLwC Document Worker lock input.
# Generated from the offline wheelhouse by scripts/build_document_worker_wheelhouse.py.
# This file is build-time input only. Runtime document operations must not run pip.
# image: plwc-document-worker:0.1.0
# target_platform: manylinux2014_x86_64
# python_version: 312
# abi: cp312
--only-binary=:all:

brotli==1.2.0 --hash=sha256:072e7624b1fc4d601036ab3f4f27942ef772887e876beff0301d261210bca97f
cffi==2.0.0 --hash=sha256:3e17ed538242334bf70832644a32a7aae3d83b57567f9fd60a26257e992b79ba
chardet==7.4.3 --hash=sha256:9a4904dd5f071b7a7d7f50b4a67a86db3c902d243bf31708f1d5cde2f68239cb
cssselect2==0.9.0 --hash=sha256:6a99e5f91f9a016a304dd929b0966ca464bcfda15177b6fb4a118fc0fb5d9563
defusedxml==0.7.1 --hash=sha256:a352e7e428770286cc899e2542b6cdaedb2b4953ff269a210103ec58f6198a61
et_xmlfile==2.0.0 --hash=sha256:7a91720bc756843502c3b7504c77b8fe44217c85c537d85037f0f536151b2caa
fonttools==4.62.1 --hash=sha256:149f7d84afca659d1a97e39a4778794a2f83bf344c5ee5134e09995086cc2392
html5lib==1.1 --hash=sha256:0d78f8fde1c230e99fe37986a60526d7049ed4bf8a9fadbad5f00e22e58e041d
lxml==6.1.0 --hash=sha256:9147d8e386ec3b82c3b15d88927f734f565b0aaadef7def562b853adca45784a
numpy==2.2.6 --hash=sha256:fd83c01228a688733f1ded5201c678f0c53ecc1006ffbc404db9f7a899ac6249
odfpy==1.4.1 --hash=sha256:e14d43f3b3e3c6616bd9cb5acd18bd72959278e50135649cd4350efb572f6fee
openpyxl==3.1.5 --hash=sha256:5282c12b107bffeef825f4617dc029afaf41d0ea60823bbb665ef3079dc79de2
pandas==2.2.3 --hash=sha256:fffb8ae78d8af97f849404f21411c95062db1496aeb3e56f146f0355c9989319
pillow==12.2.0 --hash=sha256:b86024e52a1b269467a802258c25521e6d742349d760728092e1bc2d135b4d76
pycparser==3.0 --hash=sha256:b727414169a36b7d524c1c3e31839a521725078d7b2ff038656844266160a992
pydyf==0.12.1 --hash=sha256:ea25b4e1fe7911195cb57067560daaa266639184e8335365cc3ee5214e7eaadc
pypdf==4.3.1 --hash=sha256:64b31da97eda0771ef22edb1bfecd5deee4b72c3d1736b7df2689805076d6418
pyphen==0.17.2 --hash=sha256:3a07fb017cb2341e1d9ff31b8634efb1ae4dc4b130468c7c39dd3d32e7c3affd
python-dateutil==2.9.0.post0 --hash=sha256:a8b2bc7bffae282281c8140a97d3aa9c14da0b136dfe83f850eea9a5f7470427
python-docx==1.1.2 --hash=sha256:08c20d6058916fb19853fcf080f7f42b6270d89eac9fa5f8c15f691c0017fabe
python-pptx==1.0.2 --hash=sha256:160838e0b8565a8b1f67947675886e9fea18aa5e795db7ae531606d68e785cba
pytz==2026.2 --hash=sha256:04156e608bee23d3792fd45c94ae47fae1036688e75032eea2e3bf0323d1f126
reportlab==4.2.2 --hash=sha256:927616931637e2f13e2ee3b3b6316d7a07803170e258621cff7d138bde17fbb5
six==1.17.0 --hash=sha256:4721f391ed90541fddacab5acf947aa0d3dc7d27b2e1e8eda2be8970586c3274
tinycss2==1.5.1 --hash=sha256:3415ba0f5839c062696996998176c4a3751d18b7edaaeeb658c9ce21ec150661
typing_extensions==4.15.0 --hash=sha256:f0fa19c6845758ab08074a0cfa8b7aecb71c999ca73d62883bc25cc018c4e548
tzdata==2026.2 --hash=sha256:bbe9af844f658da81a5f95019480da3a89415801f6cc966806612cc7169bffe7
weasyprint==62.3 --hash=sha256:d31048646ce15084e135b33e334a61f526aa68d2f679fcc109ed0e0f5edaed21
webencodings==0.5.1 --hash=sha256:a0af1213f3c2226497a97e2b3aa01a7e4bee4f403f95be16fc9acd2947514a78
xlsxwriter==3.2.9 --hash=sha256:9a5db42bc5dff014806c58a20b9eae7322a134abb6fce3c92c181bfb275ec5b3
zopfli==0.4.1 --hash=sha256:fdfb7ce9f5de37a5b2f75dd2642fd7717956ef2a72e0387302a36d382440db07
